
Microsoft Visual Studio Solution File, Format Version 12.00
# Visual Studio Version 17
VisualStudioVersion = 17.13.35825.156
MinimumVisualStudioVersion = 10.0.40219.1
Project("{8BC9CEB8-8B4A-11D0-8D11-00A0C91BC942}") = "AIO-Scanstone-Canbus", "AIO-Scanstone-Canbus.vcxproj", "{ED4CC1C0-6BA8-FB59-3658-9AD089D6D938}"
EndProject
Global
	GlobalSection(SolutionConfigurationPlatforms) = preSolution
		Debug|ARM = Debug|ARM
		Debug|ARM64 = Debug|ARM64
		Release|ARM = Release|ARM
		Release|ARM64 = Release|ARM64
	EndGlobalSection
	GlobalSection(ProjectConfigurationPlatforms) = postSolution
		{ED4CC1C0-6BA8-FB59-3658-9AD089D6D938}.Debug|ARM.ActiveCfg = Debug|ARM
		{ED4CC1C0-6BA8-FB59-3658-9AD089D6D938}.Debug|ARM.Build.0 = Debug|ARM
		{ED4CC1C0-6BA8-FB59-3658-9AD089D6D938}.Debug|ARM.Deploy.0 = Debug|ARM
		{ED4CC1C0-6BA8-FB59-3658-9AD089D6D938}.Debug|ARM64.ActiveCfg = Debug|ARM64
		{ED4CC1C0-6BA8-FB59-3658-9AD089D6D938}.Debug|ARM64.Build.0 = Debug|ARM64
		{ED4CC1C0-6BA8-FB59-3658-9AD089D6D938}.Debug|ARM64.Deploy.0 = Debug|ARM64
		{ED4CC1C0-6BA8-FB59-3658-9AD089D6D938}.Release|ARM.ActiveCfg = Release|ARM
		{ED4CC1C0-6BA8-FB59-3658-9AD089D6D938}.Release|ARM.Build.0 = Release|ARM
		{ED4CC1C0-6BA8-FB59-3658-9AD089D6D938}.Release|ARM.Deploy.0 = Release|ARM
		{ED4CC1C0-6BA8-FB59-3658-9AD089D6D938}.Release|ARM64.ActiveCfg = Release|ARM64
		{ED4CC1C0-6BA8-FB59-3658-9AD089D6D938}.Release|ARM64.Build.0 = Release|ARM64
		{ED4CC1C0-6BA8-FB59-3658-9AD089D6D938}.Release|ARM64.Deploy.0 = Release|ARM64
	EndGlobalSection
	GlobalSection(SolutionProperties) = preSolution
		HideSolutionNode = FALSE
	EndGlobalSection
	GlobalSection(ExtensibilityGlobals) = postSolution
		SolutionGuid = {0D4C6CBA-9F8F-4F59-BA1E-FD75BA7F279E}
	EndGlobalSection
EndGlobal
